# THIS IS AN AUTOGENERATED FILE. DO NOT EDIT THIS FILE DIRECTLY.
# yarn lockfile v1


bootstrap@4.1.0:
  version "4.1.0"
  resolved "https://registry.yarnpkg.com/bootstrap/-/bootstrap-4.1.0.tgz#110b05c31a236d56dbc9adcda6dd16f53738a28a"
  integrity sha512-kCo82nE8qYVfOa/Z3hL98CPgPIEkh6iPdiJrUJMQ9n9r0+6PEET7cmhLlV0XVYmEj5QtKIOaSGMLxy5jSFhKog==

font-awesome@^4.7.0:
  version "4.7.0"
  resolved "https://registry.yarnpkg.com/font-awesome/-/font-awesome-4.7.0.tgz#8fa8cf0411a1a31afd07b06d2902bb9fc815a133"
  integrity sha1-j6jPBBGhoxr9B7BtKQK7n8gVoTM=

jquery@3.3.1:
  version "3.3.1"
  resolved "https://registry.yarnpkg.com/jquery/-/jquery-3.3.1.tgz#958ce29e81c9790f31be7792df5d4d95fc57fbca"
  integrity sha512-Ubldcmxp5np52/ENotGxlLe6aGMvmF4R8S6tZjsP6Knsaxd/xp3Zrh50cG93lR6nPXyUFwzN3ZSOQI0wRJNdGg==

material-design-icons@^3.0.1:
  version "3.0.1"
  resolved "https://registry.yarnpkg.com/material-design-icons/-/material-design-icons-3.0.1.tgz#9a71c48747218ebca51e51a66da682038cdcb7bf"
  integrity sha1-mnHEh0chjrylHlGmbaaCA4zct78=

themify-icons-scss@^1.0.0:
  version "1.0.0"
  resolved "https://registry.yarnpkg.com/themify-icons-scss/-/themify-icons-scss-1.0.0.tgz#1262a507ee31d7e7e130f286aff629760aba87d6"
  integrity sha1-EmKlB+4x1+fhMPKGr/Ypdgq6h9Y=
